Microsoft Visual Studio Solution File, Format Version 12.00
# Visual Studio Version 17
VisualStudioVersion = 17.5.2.0
MinimumVisualStudioVersion = 10.0.40219.1
Project("{FAE04EC0-301F-11D3-BF4B-00C04F79EFBC}") = "PageTurner", "PageTurner.csproj", "{B2A92FFA-EC0E-9D85-F95D-333C0F1720DB}"
EndProject
Global
	GlobalSection(SolutionConfigurationPlatforms) = preSolution
		Debug|Any CPU = Debug|Any CPU
		Release|Any CPU = Release|Any CPU
	EndGlobalSection
	GlobalSection(ProjectConfigurationPlatforms) = postSolution
		{B2A92FFA-EC0E-9D85-F95D-333C0F1720DB}.Debug|Any CPU.ActiveCfg = Debug|Any CPU
		{B2A92FFA-EC0E-9D85-F95D-333C0F1720DB}.Debug|Any CPU.Build.0 = Debug|Any CPU
		{B2A92FFA-EC0E-9D85-F95D-333C0F1720DB}.Release|Any CPU.ActiveCfg = Release|Any CPU
		{B2A92FFA-EC0E-9D85-F95D-333C0F1720DB}.Release|Any CPU.Build.0 = Release|Any CPU
	EndGlobalSection
	GlobalSection(SolutionProperties) = preSolution
		HideSolutionNode = FALSE
	EndGlobalSection
	GlobalSection(ExtensibilityGlobals) = postSolution
		SolutionGuid = {24F44AA5-B97D-49E2-B251-BE8ADC9C51DA}
	EndGlobalSection
EndGlobal
